
Microsoft Visual Studio Solution File, Format Version 12.00
# Visual Studio 15
VisualStudioVersion = 15.0.27703.2035
MinimumVisualStudioVersion = 10.0.40219.1
Project("{9A19103F-16F7-4668-BE54-9A1E7A4F7556}") = "Maptz.Editing.Premiere.Base", "Maptz.Editing.Premiere.Base\Maptz.Editing.Premiere.Base.csproj", "{567AAD11-C059-4624-9EBB-5A75FA8DAB87}"
EndProject
Project("{9A19103F-16F7-4668-BE54-9A1E7A4F7556}") = "Maptz.Editing.Premiere.Base.Tests", "Maptz.Editing.Premiere.Base.Tests\Maptz.Editing.Premiere.Base.Tests.csproj", "{F8336826-49C3-47C0-ACD5-2FAD3E753C48}"
EndProject
Global
	GlobalSection(SolutionConfigurationPlatforms) = preSolution
		Debug|Any CPU = Debug|Any CPU
		Release|Any CPU = Release|Any CPU
	EndGlobalSection
	GlobalSection(ProjectConfigurationPlatforms) = postSolution
		{567AAD11-C059-4624-9EBB-5A75FA8DAB87}.Debug|Any CPU.ActiveCfg = Debug|Any CPU
		{567AAD11-C059-4624-9EBB-5A75FA8DAB87}.Debug|Any CPU.Build.0 = Debug|Any CPU
		{567AAD11-C059-4624-9EBB-5A75FA8DAB87}.Release|Any CPU.ActiveCfg = Release|Any CPU
		{567AAD11-C059-4624-9EBB-5A75FA8DAB87}.Release|Any CPU.Build.0 = Release|Any CPU
		{F8336826-49C3-47C0-ACD5-2FAD3E753C48}.Debug|Any CPU.ActiveCfg = Debug|Any CPU
		{F8336826-49C3-47C0-ACD5-2FAD3E753C48}.Debug|Any CPU.Build.0 = Debug|Any CPU
		{F8336826-49C3-47C0-ACD5-2FAD3E753C48}.Release|Any CPU.ActiveCfg = Release|Any CPU
		{F8336826-49C3-47C0-ACD5-2FAD3E753C48}.Release|Any CPU.Build.0 = Release|Any CPU
	EndGlobalSection
	GlobalSection(SolutionProperties) = preSolution
		HideSolutionNode = FALSE
	EndGlobalSection
	GlobalSection(ExtensibilityGlobals) = postSolution
		SolutionGuid = {94C34F36-3E1C-4B3E-8521-423F7B2729A6}
	EndGlobalSection
EndGlobal
